
Microsoft Visual Studio Solution File, Format Version 12.00
# Visual Studio 2012
Project("{FAE04EC0-301F-11D3-BF4B-00C04F79EFBC}") = "ClassLibrary2", "ClassLibrary2\ClassLibrary2.csproj", "{047ED80C-3DBF-4AF3-8495-7C9925E0DC85}"
EndProject
Global
	GlobalSection(SolutionConfigurationPlatforms) = preSolution
		Debug|Any CPU = Debug|Any CPU
		Release|Any CPU = Release|Any CPU
	EndGlobalSection
	GlobalSection(ProjectConfigurationPlatforms) = postSolution
		{047ED80C-3DBF-4AF3-8495-7C9925E0DC85}.Debug|Any CPU.ActiveCfg = Debug|Any CPU
		{047ED80C-3DBF-4AF3-8495-7C9925E0DC85}.Debug|Any CPU.Build.0 = Debug|Any CPU
		{047ED80C-3DBF-4AF3-8495-7C9925E0DC85}.Release|Any CPU.ActiveCfg = Release|Any CPU
		{047ED80C-3DBF-4AF3-8495-7C9925E0DC85}.Release|Any CPU.Build.0 = Release|Any CPU
	EndGlobalSection
	GlobalSection(SolutionProperties) = preSolution
		HideSolutionNode = FALSE
	EndGlobalSection
EndGlobal
